
Microsoft Visual Studio Solution File, Format Version 12.00
# Visual Studio Version 16
VisualStudioVersion = 16.0.29709.97
MinimumVisualStudioVersion = 10.0.40219.1
Project("{F184B08F-C81C-45F6-A57F-5ABD9991F28F}") = "ComicBookGallery", "ComicBookGallery\ComicBookGallery.vbproj", "{9C5B71C7-4B6C-4BF7-BCFD-BD06A8BABDBD}"
EndProject
Global
	GlobalSection(SolutionConfigurationPlatforms) = preSolution
		Debug|Any CPU = Debug|Any CPU
		Release|Any CPU = Release|Any CPU
	EndGlobalSection
	GlobalSection(ProjectConfigurationPlatforms) = postSolution
		{9C5B71C7-4B6C-4BF7-BCFD-BD06A8BABDBD}.Debug|Any CPU.ActiveCfg = Debug|Any CPU
		{9C5B71C7-4B6C-4BF7-BCFD-BD06A8BABDBD}.Debug|Any CPU.Build.0 = Debug|Any CPU
		{9C5B71C7-4B6C-4BF7-BCFD-BD06A8BABDBD}.Release|Any CPU.ActiveCfg = Release|Any CPU
		{9C5B71C7-4B6C-4BF7-BCFD-BD06A8BABDBD}.Release|Any CPU.Build.0 = Release|Any CPU
	EndGlobalSection
	GlobalSection(SolutionProperties) = preSolution
		HideSolutionNode = FALSE
	EndGlobalSection
	GlobalSection(ExtensibilityGlobals) = postSolution
		SolutionGuid = {28C48BD9-985E-45BD-BBE0-2C3AF5E874A8}
	EndGlobalSection
EndGlobal
